
Microsoft Visual Studio Solution File, Format Version 12.00
# Visual Studio Version 17
VisualStudioVersion = 17.0.31903.59
MinimumVisualStudioVersion = 10.0.40219.1
Project("{FAE04EC0-301F-11D3-BF4B-00C04F79EFBC}") = "API", "API\API.csproj", "{39DD3F24-95F0-4C0E-A28D-A57A9150D91A}"
EndProject
Project("{FAE04EC0-301F-11D3-BF4B-00C04F79EFBC}") = "Core", "Core\Core.csproj", "{7624F1FC-E90F-484F-9B86-B554CCC050B6}"
EndProject
Project("{FAE04EC0-301F-11D3-BF4B-00C04F79EFBC}") = "Infrastracture", "Infrastracture\Infrastracture.csproj", "{F042899E-1E18-4DB2-8D0C-721AB0677501}"
EndProject
Global
	GlobalSection(SolutionConfigurationPlatforms) = preSolution
		Debug|Any CPU = Debug|Any CPU
		Release|Any CPU = Release|Any CPU
	EndGlobalSection
	GlobalSection(SolutionProperties) = preSolution
		HideSolutionNode = FALSE
	EndGlobalSection
	GlobalSection(ProjectConfigurationPlatforms) = postSolution
		{39DD3F24-95F0-4C0E-A28D-A57A9150D91A}.Debug|Any CPU.ActiveCfg = Debug|Any CPU
		{39DD3F24-95F0-4C0E-A28D-A57A9150D91A}.Debug|Any CPU.Build.0 = Debug|Any CPU
		{39DD3F24-95F0-4C0E-A28D-A57A9150D91A}.Release|Any CPU.ActiveCfg = Release|Any CPU
		{39DD3F24-95F0-4C0E-A28D-A57A9150D91A}.Release|Any CPU.Build.0 = Release|Any CPU
		{7624F1FC-E90F-484F-9B86-B554CCC050B6}.Debug|Any CPU.ActiveCfg = Debug|Any CPU
		{7624F1FC-E90F-484F-9B86-B554CCC050B6}.Debug|Any CPU.Build.0 = Debug|Any CPU
		{7624F1FC-E90F-484F-9B86-B554CCC050B6}.Release|Any CPU.ActiveCfg = Release|Any CPU
		{7624F1FC-E90F-484F-9B86-B554CCC050B6}.Release|Any CPU.Build.0 = Release|Any CPU
		{F042899E-1E18-4DB2-8D0C-721AB0677501}.Debug|Any CPU.ActiveCfg = Debug|Any CPU
		{F042899E-1E18-4DB2-8D0C-721AB0677501}.Debug|Any CPU.Build.0 = Debug|Any CPU
		{F042899E-1E18-4DB2-8D0C-721AB0677501}.Release|Any CPU.ActiveCfg = Release|Any CPU
		{F042899E-1E18-4DB2-8D0C-721AB0677501}.Release|Any CPU.Build.0 = Release|Any CPU
	EndGlobalSection
EndGlobal
